
Microsoft Visual Studio Solution File, Format Version 12.00
# Visual Studio Version 17
VisualStudioVersion = 17.7.34221.43
MinimumVisualStudioVersion = 10.0.40219.1
Project("{FAE04EC0-301F-11D3-BF4B-00C04F79EFBC}") = "Crud", "Crud\Crud.csproj", "{ABA74391-7A34-485A-AEF1-21DA45D82A74}"
EndProject
Global
	GlobalSection(SolutionConfigurationPlatforms) = preSolution
		Debug|Any CPU = Debug|Any CPU
		Release|Any CPU = Release|Any CPU
	EndGlobalSection
	GlobalSection(ProjectConfigurationPlatforms) = postSolution
		{ABA74391-7A34-485A-AEF1-21DA45D82A74}.Debug|Any CPU.ActiveCfg = Debug|Any CPU
		{ABA74391-7A34-485A-AEF1-21DA45D82A74}.Debug|Any CPU.Build.0 = Debug|Any CPU
		{ABA74391-7A34-485A-AEF1-21DA45D82A74}.Release|Any CPU.ActiveCfg = Release|Any CPU
		{ABA74391-7A34-485A-AEF1-21DA45D82A74}.Release|Any CPU.Build.0 = Release|Any CPU
	EndGlobalSection
	GlobalSection(SolutionProperties) = preSolution
		HideSolutionNode = FALSE
	EndGlobalSection
	GlobalSection(ExtensibilityGlobals) = postSolution
		SolutionGuid = {5393CCA9-826A-4A29-A9D7-4D7DC9F9B626}
	EndGlobalSection
EndGlobal
